
Microsoft Visual Studio Solution File, Format Version 12.00
# Visual Studio Version 17
VisualStudioVersion = 17.11.35431.28
MinimumVisualStudioVersion = 10.0.40219.1
Project("{9A19103F-16F7-4668-BE54-9A1E7A4F7556}") = "FileDecrypt.Core", "FileDecrypt.Core\FileDecrypt.Core.csproj", "{D311F2A5-88ED-4EE6-9888-3549CFBFA13C}"
EndProject
Project("{9A19103F-16F7-4668-BE54-9A1E7A4F7556}") = "FileDecrypt.Console", "FileDecrypt.Console\FileDecrypt.Console.csproj", "{4777B878-A95E-4EB6-BF9C-7D0E20ADA658}"
EndProject
Project("{2150E333-8FDC-42A3-9474-1A3956D46DE8}") = "Solution Items", "Solution Items", "{C40FA4B7-6332-4CD2-A588-1EA444F918F0}"
	ProjectSection(SolutionItems) = preProject
		README.md = README.md
	EndProjectSection
EndProject
Global
	GlobalSection(SolutionConfigurationPlatforms) = preSolution
		Debug|Any CPU = Debug|Any CPU
		Release|Any CPU = Release|Any CPU
	EndGlobalSection
	GlobalSection(ProjectConfigurationPlatforms) = postSolution
		{D311F2A5-88ED-4EE6-9888-3549CFBFA13C}.Debug|Any CPU.ActiveCfg = Debug|Any CPU
		{D311F2A5-88ED-4EE6-9888-3549CFBFA13C}.Debug|Any CPU.Build.0 = Debug|Any CPU
		{D311F2A5-88ED-4EE6-9888-3549CFBFA13C}.Release|Any CPU.ActiveCfg = Release|Any CPU
		{D311F2A5-88ED-4EE6-9888-3549CFBFA13C}.Release|Any CPU.Build.0 = Release|Any CPU
		{4777B878-A95E-4EB6-BF9C-7D0E20ADA658}.Debug|Any CPU.ActiveCfg = Debug|Any CPU
		{4777B878-A95E-4EB6-BF9C-7D0E20ADA658}.Debug|Any CPU.Build.0 = Debug|Any CPU
		{4777B878-A95E-4EB6-BF9C-7D0E20ADA658}.Release|Any CPU.ActiveCfg = Release|Any CPU
		{4777B878-A95E-4EB6-BF9C-7D0E20ADA658}.Release|Any CPU.Build.0 = Release|Any CPU
	EndGlobalSection
	GlobalSection(SolutionProperties) = preSolution
		HideSolutionNode = FALSE
	EndGlobalSection
	GlobalSection(ExtensibilityGlobals) = postSolution
		SolutionGuid = {CB80E4DA-72A0-410D-9CF4-AAB3B8FCA482}
	EndGlobalSection
EndGlobal
